
Microsoft Visual Studio Solution File, Format Version 12.00
# Visual Studio Version 17
VisualStudioVersion = 17.11.35208.52
MinimumVisualStudioVersion = 10.0.40219.1
Project("{FAE04EC0-301F-11D3-BF4B-00C04F79EFBC}") = "auditlog_backend", "auditlog_backend.csproj", "{712173F0-E1D3-443F-B5CC-B976FF043E9F}"
EndProject
Global
	GlobalSection(SolutionConfigurationPlatforms) = preSolution
		Debug|Any CPU = Debug|Any CPU
		Release|Any CPU = Release|Any CPU
	EndGlobalSection
	GlobalSection(ProjectConfigurationPlatforms) = postSolution
		{712173F0-E1D3-443F-B5CC-B976FF043E9F}.Debug|Any CPU.ActiveCfg = Debug|Any CPU
		{712173F0-E1D3-443F-B5CC-B976FF043E9F}.Debug|Any CPU.Build.0 = Debug|Any CPU
		{712173F0-E1D3-443F-B5CC-B976FF043E9F}.Release|Any CPU.ActiveCfg = Release|Any CPU
		{712173F0-E1D3-443F-B5CC-B976FF043E9F}.Release|Any CPU.Build.0 = Release|Any CPU
	EndGlobalSection
	GlobalSection(SolutionProperties) = preSolution
		HideSolutionNode = FALSE
	EndGlobalSection
	GlobalSection(ExtensibilityGlobals) = postSolution
		SolutionGuid = {353E7E5C-DC09-42C4-80A9-F77573C1CC7A}
	EndGlobalSection
EndGlobal
